
Microsoft Visual Studio Solution File, Format Version 12.00
# Visual Studio 15
VisualStudioVersion = 15.0.28010.2041
MinimumVisualStudioVersion = 10.0.40219.1
Project("{FAE04EC0-301F-11D3-BF4B-00C04F79EFBC}") = "Data лаба номер 2", "Data лаба номер 2.csproj", "{3241F770-789B-4919-A03F-29F4524E18A3}"
EndProject
Global
	GlobalSection(SolutionConfigurationPlatforms) = preSolution
		Debug|Any CPU = Debug|Any CPU
		Release|Any CPU = Release|Any CPU
	EndGlobalSection
	GlobalSection(ProjectConfigurationPlatforms) = postSolution
		{3241F770-789B-4919-A03F-29F4524E18A3}.Debug|Any CPU.ActiveCfg = Debug|Any CPU
		{3241F770-789B-4919-A03F-29F4524E18A3}.Debug|Any CPU.Build.0 = Debug|Any CPU
		{3241F770-789B-4919-A03F-29F4524E18A3}.Release|Any CPU.ActiveCfg = Release|Any CPU
		{3241F770-789B-4919-A03F-29F4524E18A3}.Release|Any CPU.Build.0 = Release|Any CPU
	EndGlobalSection
	GlobalSection(SolutionProperties) = preSolution
		HideSolutionNode = FALSE
	EndGlobalSection
	GlobalSection(ExtensibilityGlobals) = postSolution
		SolutionGuid = {66F7AD47-5DAC-4908-8808-9EF2B77232E5}
	EndGlobalSection
EndGlobal
